
Microsoft Visual Studio Solution File, Format Version 12.00
# Visual Studio Version 17
VisualStudioVersion = 17.0.32112.339
MinimumVisualStudioVersion = 10.0.40219.1
Project("{FAE04EC0-301F-11D3-BF4B-00C04F79EFBC}") = "WinFormsHW1", "WinFormsHW1\WinFormsHW1.csproj", "{A50EDF3A-4128-468A-B5A4-79ACD85A94B4}"
EndProject
Project("{FAE04EC0-301F-11D3-BF4B-00C04F79EFBC}") = "WinFormsHW1.2", "WinFormsHW1.2\WinFormsHW1.2.csproj", "{1AD6E97D-829C-441C-9BEB-A4AA38044AED}"
EndProject
Project("{FAE04EC0-301F-11D3-BF4B-00C04F79EFBC}") = "WinFormsHW1.3", "WinFormsHW1.3\WinFormsHW1.3.csproj", "{1ED2D74E-89B5-4DD2-B669-905822A89A12}"
EndProject
Global
	GlobalSection(SolutionConfigurationPlatforms) = preSolution
		Debug|Any CPU = Debug|Any CPU
		Release|Any CPU = Release|Any CPU
	EndGlobalSection
	GlobalSection(ProjectConfigurationPlatforms) = postSolution
		{A50EDF3A-4128-468A-B5A4-79ACD85A94B4}.Debug|Any CPU.ActiveCfg = Debug|Any CPU
		{A50EDF3A-4128-468A-B5A4-79ACD85A94B4}.Debug|Any CPU.Build.0 = Debug|Any CPU
		{A50EDF3A-4128-468A-B5A4-79ACD85A94B4}.Release|Any CPU.ActiveCfg = Release|Any CPU
		{A50EDF3A-4128-468A-B5A4-79ACD85A94B4}.Release|Any CPU.Build.0 = Release|Any CPU
		{1AD6E97D-829C-441C-9BEB-A4AA38044AED}.Debug|Any CPU.ActiveCfg = Debug|Any CPU
		{1AD6E97D-829C-441C-9BEB-A4AA38044AED}.Debug|Any CPU.Build.0 = Debug|Any CPU
		{1AD6E97D-829C-441C-9BEB-A4AA38044AED}.Release|Any CPU.ActiveCfg = Release|Any CPU
		{1AD6E97D-829C-441C-9BEB-A4AA38044AED}.Release|Any CPU.Build.0 = Release|Any CPU
		{1ED2D74E-89B5-4DD2-B669-905822A89A12}.Debug|Any CPU.ActiveCfg = Debug|Any CPU
		{1ED2D74E-89B5-4DD2-B669-905822A89A12}.Debug|Any CPU.Build.0 = Debug|Any CPU
		{1ED2D74E-89B5-4DD2-B669-905822A89A12}.Release|Any CPU.ActiveCfg = Release|Any CPU
		{1ED2D74E-89B5-4DD2-B669-905822A89A12}.Release|Any CPU.Build.0 = Release|Any CPU
	EndGlobalSection
	GlobalSection(SolutionProperties) = preSolution
		HideSolutionNode = FALSE
	EndGlobalSection
	GlobalSection(ExtensibilityGlobals) = postSolution
		SolutionGuid = {5DEA6556-4A2E-4EA6-9620-7D6EF752983E}
	EndGlobalSection
EndGlobal
